
Microsoft Visual Studio Solution File, Format Version 12.00
# Visual Studio Version 17
VisualStudioVersion = 17.6.33815.320
MinimumVisualStudioVersion = 10.0.40219.1
Project("{9A19103F-16F7-4668-BE54-9A1E7A4F7556}") = "It_Legend", "It_Legend\It_Legend.csproj", "{FCFFEA42-02BA-4F9A-BD00-11B88C937E4B}"
EndProject
Project("{FAE04EC0-301F-11D3-BF4B-00C04F79EFBC}") = "Domains", "Domains\Domains.csproj", "{631DF4EA-8176-45B8-BAF7-C1A9AEF7155D}"
EndProject
Project("{FAE04EC0-301F-11D3-BF4B-00C04F79EFBC}") = "Bl", "Bl\Bl.csproj", "{89C0C1F8-493A-4057-A42B-C003CA15B639}"
EndProject
Global
	GlobalSection(SolutionConfigurationPlatforms) = preSolution
		Debug|Any CPU = Debug|Any CPU
		Release|Any CPU = Release|Any CPU
	EndGlobalSection
	GlobalSection(ProjectConfigurationPlatforms) = postSolution
		{FCFFEA42-02BA-4F9A-BD00-11B88C937E4B}.Debug|Any CPU.ActiveCfg = Debug|Any CPU
		{FCFFEA42-02BA-4F9A-BD00-11B88C937E4B}.Debug|Any CPU.Build.0 = Debug|Any CPU
		{FCFFEA42-02BA-4F9A-BD00-11B88C937E4B}.Release|Any CPU.ActiveCfg = Release|Any CPU
		{FCFFEA42-02BA-4F9A-BD00-11B88C937E4B}.Release|Any CPU.Build.0 = Release|Any CPU
		{631DF4EA-8176-45B8-BAF7-C1A9AEF7155D}.Debug|Any CPU.ActiveCfg = Debug|Any CPU
		{631DF4EA-8176-45B8-BAF7-C1A9AEF7155D}.Debug|Any CPU.Build.0 = Debug|Any CPU
		{631DF4EA-8176-45B8-BAF7-C1A9AEF7155D}.Release|Any CPU.ActiveCfg = Release|Any CPU
		{631DF4EA-8176-45B8-BAF7-C1A9AEF7155D}.Release|Any CPU.Build.0 = Release|Any CPU
		{89C0C1F8-493A-4057-A42B-C003CA15B639}.Debug|Any CPU.ActiveCfg = Debug|Any CPU
		{89C0C1F8-493A-4057-A42B-C003CA15B639}.Debug|Any CPU.Build.0 = Debug|Any CPU
		{89C0C1F8-493A-4057-A42B-C003CA15B639}.Release|Any CPU.ActiveCfg = Release|Any CPU
		{89C0C1F8-493A-4057-A42B-C003CA15B639}.Release|Any CPU.Build.0 = Release|Any CPU
	EndGlobalSection
	GlobalSection(SolutionProperties) = preSolution
		HideSolutionNode = FALSE
	EndGlobalSection
	GlobalSection(ExtensibilityGlobals) = postSolution
		SolutionGuid = {6092A493-C0F4-4626-91DF-F7A6B40269E7}
	EndGlobalSection
EndGlobal
